
Microsoft Visual Studio Solution File, Format Version 12.00
# Visual Studio Version 16
VisualStudioVersion = 16.0.33920.266
MinimumVisualStudioVersion = 10.0.40219.1
Project("{FAE04EC0-301F-11D3-BF4B-00C04F79EFBC}") = "AbstractionDemo", "AbstractionDemo\AbstractionDemo.csproj", "{B8ADDC92-FEE7-4244-BF14-7BEAF8AED3F2}"
EndProject
Project("{FAE04EC0-301F-11D3-BF4B-00C04F79EFBC}") = "Delegate", "Delegate\Delegate.csproj", "{A312CDE1-2CE0-417E-8547-A74CC57B0AB4}"
EndProject
Project("{FAE04EC0-301F-11D3-BF4B-00C04F79EFBC}") = "KudvenketDemo", "KudvenketDemo\KudvenketDemo.csproj", "{88DCB901-9E7E-42BF-BE7B-08A6F194019D}"
EndProject
Project("{FAE04EC0-301F-11D3-BF4B-00C04F79EFBC}") = "PatternPrograms", "PatternPrograms\PatternPrograms.csproj", "{88DEA32B-3203-43DA-8663-3E936B72DE24}"
EndProject
Project("{FAE04EC0-301F-11D3-BF4B-00C04F79EFBC}") = "Generics", "Generics\Generics.csproj", "{1F9A1982-C34C-4891-B370-35134A64207E}"
EndProject
Global
	GlobalSection(SolutionConfigurationPlatforms) = preSolution
		Debug|Any CPU = Debug|Any CPU
		Release|Any CPU = Release|Any CPU
	EndGlobalSection
	GlobalSection(ProjectConfigurationPlatforms) = postSolution
		{B8ADDC92-FEE7-4244-BF14-7BEAF8AED3F2}.Debug|Any CPU.ActiveCfg = Debug|Any CPU
		{B8ADDC92-FEE7-4244-BF14-7BEAF8AED3F2}.Debug|Any CPU.Build.0 = Debug|Any CPU
		{B8ADDC92-FEE7-4244-BF14-7BEAF8AED3F2}.Release|Any CPU.ActiveCfg = Release|Any CPU
		{B8ADDC92-FEE7-4244-BF14-7BEAF8AED3F2}.Release|Any CPU.Build.0 = Release|Any CPU
		{A312CDE1-2CE0-417E-8547-A74CC57B0AB4}.Debug|Any CPU.ActiveCfg = Debug|Any CPU
		{A312CDE1-2CE0-417E-8547-A74CC57B0AB4}.Debug|Any CPU.Build.0 = Debug|Any CPU
		{A312CDE1-2CE0-417E-8547-A74CC57B0AB4}.Release|Any CPU.ActiveCfg = Release|Any CPU
		{A312CDE1-2CE0-417E-8547-A74CC57B0AB4}.Release|Any CPU.Build.0 = Release|Any CPU
		{88DCB901-9E7E-42BF-BE7B-08A6F194019D}.Debug|Any CPU.ActiveCfg = Debug|Any CPU
		{88DCB901-9E7E-42BF-BE7B-08A6F194019D}.Debug|Any CPU.Build.0 = Debug|Any CPU
		{88DCB901-9E7E-42BF-BE7B-08A6F194019D}.Release|Any CPU.ActiveCfg = Release|Any CPU
		{88DCB901-9E7E-42BF-BE7B-08A6F194019D}.Release|Any CPU.Build.0 = Release|Any CPU
		{88DEA32B-3203-43DA-8663-3E936B72DE24}.Debug|Any CPU.ActiveCfg = Debug|Any CPU
		{88DEA32B-3203-43DA-8663-3E936B72DE24}.Debug|Any CPU.Build.0 = Debug|Any CPU
		{88DEA32B-3203-43DA-8663-3E936B72DE24}.Release|Any CPU.ActiveCfg = Release|Any CPU
		{88DEA32B-3203-43DA-8663-3E936B72DE24}.Release|Any CPU.Build.0 = Release|Any CPU
		{1F9A1982-C34C-4891-B370-35134A64207E}.Debug|Any CPU.ActiveCfg = Debug|Any CPU
		{1F9A1982-C34C-4891-B370-35134A64207E}.Debug|Any CPU.Build.0 = Debug|Any CPU
		{1F9A1982-C34C-4891-B370-35134A64207E}.Release|Any CPU.ActiveCfg = Release|Any CPU
		{1F9A1982-C34C-4891-B370-35134A64207E}.Release|Any CPU.Build.0 = Release|Any CPU
	EndGlobalSection
	GlobalSection(SolutionProperties) = preSolution
		HideSolutionNode = FALSE
	EndGlobalSection
	GlobalSection(ExtensibilityGlobals) = postSolution
		SolutionGuid = {3CDD7F8D-7E00-45A9-83DE-8E5AE7122A9B}
	EndGlobalSection
EndGlobal
